{
  "originHash" : "8fc6e0ea0a3fd3f0d1e29311c0f8cff4bf4a0bce968350ddc5c735f0f06a3af8",
  "pins" : [
    {
      "identity" : "markdownui",
      "kind" : "remoteSourceControl",
      "location" : "https://github.com/gonzalezreal/MarkdownUI",
      "state" : {
        "revision" : "5f613358148239d0292c0cef674a3c2314737f9e",
        "version" : "2.4.1"
      }
    },
    {
      "identity" : "networkimage",
      "kind" : "remoteSourceControl",
      "location" : "https://github.com/gonzalezreal/NetworkImage",
      "state" : {
        "revision" : "2849f5323265386e200484b0d0f896e73c3411b9",
        "version" : "6.0.1"
      }
    },
    {
      "identity" : "swift-argument-parser",
      "kind" : "remoteSourceControl",
      "location" : "https://github.com/apple/swift-argument-parser.git",
      "state" : {
        "revision" : "309a47b2b1d9b5e991f36961c983ecec72275be3",
        "version" : "1.6.1"
      }
    },
    {
      "identity" : "swift-cmark",
      "kind" : "remoteSourceControl",
      "location" : "https://github.com/swiftlang/swift-cmark",
      "state" : {
        "revision" : "b022b08312decdc46585e0b3440d97f6f22ef703",
        "version" : "0.6.0"
      }
    },
    {
      "identity" : "swiftyjson",
      "kind" : "remoteSourceControl",
      "location" : "https://github.com/SwiftyJSON/SwiftyJSON.git",
      "state" : {
        "revision" : "af76cf3ef710b6ca5f8c05f3a31307d44a3c5828",
        "version" : "5.0.2"
      }
    },
    {
      "identity" : "webviewkit",
      "kind" : "remoteSourceControl",
      "location" : "https://github.com/danielsaidi/WebViewKit.git",
      "state" : {
        "branch" : "main",
        "revision" : "9254639fd766d8ea7e9a93e9446abec49c140960"
      }
    }
  ],
  "version" : 3
}
